{
  "version": "5",
  "specifiers": {
    "jsr:@hono/hono@^4.12.30": "4.12.34",
    "npm:@bufbuild/protobuf@^2.7.0": "2.13.0",
    "npm:@connectrpc/connect-web@^2.1.2": "2.1.2_@bufbuild+protobuf@2.13.0_@connectrpc+connect@2.1.2__@bufbuild+protobuf@2.13.0",
    "npm:@connectrpc/connect@^2.1.2": "2.1.2_@bufbuild+protobuf@2.13.0",
    "npm:@hono/node-server@2": "2.0.12_hono@4.12.31",
    "npm:ws@^8.18.0": "8.21.1"
  },
  "jsr": {
    "@hono/hono@4.12.34": {
      "integrity": "8450d540c4bd7008addd5156ce096fe10f754545ef75c18269d33f9be2f17b3c"
    }
  },
  "npm": {
    "@bufbuild/protobuf@2.13.0": {
      "integrity": "sha512-acq7c49vxfm1ggJ95P70TX7ABDM0vxr1SYD3BB0o0jnBLB4OAqeHyKuN+cD3w80gXEDQ2zxHpR6CUeA+O/aU9g=="
    },
    "@connectrpc/connect-web@2.1.2_@bufbuild+protobuf@2.13.0_@connectrpc+connect@2.1.2__@bufbuild+protobuf@2.13.0": {
      "integrity": "sha512-1tfaK85MU+gJjwwmL31d2rzdf0XCYX99chZf63uG89SGBUd4XuZ4ZzhGo2u79TPXOE6nLIZQ2okrpyey42PYdg==",
      "dependencies": [
        "@bufbuild/protobuf",
        "@connectrpc/connect"
      ]
    },
    "@connectrpc/connect@2.1.2_@bufbuild+protobuf@2.13.0": {
      "integrity": "sha512-MXkBijtcX09R10Eb6sFeIetc6w6746eio6xtfuyVOH7oQAacT1X0GzMIQFux6Qy8cq3W/T5qX5Bei8YbFtmRGA==",
      "dependencies": [
        "@bufbuild/protobuf"
      ]
    },
    "@hono/node-server@2.0.12_hono@4.12.31": {
      "integrity": "sha512-eWpQYr67tqJLeaSUl0Q+TquuYfUdTibpOJlUMV2FfUP7+KqCC5TufnwnlXL6mobZBJbGAYRd7ZvEBDCbLInjhg==",
      "dependencies": [
        "hono"
      ]
    },
    "hono@4.12.31": {
      "integrity": "sha512-zJIHFrl6bq3RDd2YusFNCDlM8qUprxKswyi/OPzPyzKDdyBXDqWx8bZlZ7R+saTdSTatUmb3O7K4SspGPaEOQg=="
    },
    "ws@8.21.1": {
      "integrity": "sha512-+0NTnW77fFN/DjQi6k/Sq/Yvk4Sgajw7urW8V+asjXnRgDs9gyGkdb7EzgfhA4goXsRIZKE28fzIXBHEzhuiWw=="
    }
  },
  "workspace": {
    "dependencies": [
      "npm:@bufbuild/protobuf@^2.7.0",
      "npm:@connectrpc/connect-web@^2.1.2",
      "npm:@connectrpc/connect@^2.1.2"
    ],
    "links": {
      "jsr:@hono-enterprise/audit-plugin@0.1.0-alpha.4": {},
      "jsr:@hono-enterprise/auth-plugin@0.1.0-alpha.4": {},
      "jsr:@hono-enterprise/cache-plugin@0.1.0-alpha.4": {},
      "jsr:@hono-enterprise/cli@0.1.0-alpha.4": {
        "dependencies": [
          "jsr:@hono-enterprise/common@~0.1.0-alpha.4",
          "jsr:@hono-enterprise/runtime@~0.1.0-alpha.4"
        ]
      },
      "jsr:@hono-enterprise/cloudflare-plugin@0.1.0-alpha.4": {},
      "jsr:@hono-enterprise/common@0.1.0-alpha.4": {},
      "jsr:@hono-enterprise/config-plugin@0.1.0-alpha.4": {
        "dependencies": [
          "jsr:@hono-enterprise/common@~0.1.0-alpha.4"
        ]
      },
      "jsr:@hono-enterprise/cqrs-plugin@0.1.0-alpha.4": {},
      "jsr:@hono-enterprise/database-plugin@0.1.0-alpha.4": {},
      "jsr:@hono-enterprise/decorator-plugin@0.1.0-alpha.4": {
        "dependencies": [
          "jsr:@hono-enterprise/common@~0.1.0-alpha.4"
        ]
      },
      "jsr:@hono-enterprise/di-plugin@0.1.0-alpha.4": {
        "dependencies": [
          "jsr:@hono-enterprise/common@~0.1.0-alpha.4"
        ]
      },
      "jsr:@hono-enterprise/events-plugin@0.1.0-alpha.4": {},
      "jsr:@hono-enterprise/exceptions@0.1.0-alpha.4": {},
      "jsr:@hono-enterprise/feature-flags-plugin@0.1.0-alpha.4": {},
      "jsr:@hono-enterprise/full-stack-starter@0.1.0-alpha.4": {
        "dependencies": [
          "jsr:@hono-enterprise/audit-plugin@~0.1.0-alpha.4",
          "jsr:@hono-enterprise/auth-plugin@~0.1.0-alpha.4",
          "jsr:@hono-enterprise/cache-plugin@~0.1.0-alpha.4",
          "jsr:@hono-enterprise/common@~0.1.0-alpha.4",
          "jsr:@hono-enterprise/config-plugin@~0.1.0-alpha.4",
          "jsr:@hono-enterprise/cqrs-plugin@~0.1.0-alpha.4",
          "jsr:@hono-enterprise/database-plugin@~0.1.0-alpha.4",
          "jsr:@hono-enterprise/decorator-plugin@~0.1.0-alpha.4",
          "jsr:@hono-enterprise/events-plugin@~0.1.0-alpha.4",
          "jsr:@hono-enterprise/exceptions@~0.1.0-alpha.4",
          "jsr:@hono-enterprise/feature-flags-plugin@~0.1.0-alpha.4",
          "jsr:@hono-enterprise/graphql-plugin@~0.1.0-alpha.4",
          "jsr:@hono-enterprise/health-plugin@~0.1.0-alpha.4",
          "jsr:@hono-enterprise/http-security-plugin@~0.1.0-alpha.4",
          "jsr:@hono-enterprise/kernel@~0.1.0-alpha.4",
          "jsr:@hono-enterprise/logger-plugin@~0.1.0-alpha.4",
          "jsr:@hono-enterprise/mail-plugin@~0.1.0-alpha.4",
          "jsr:@hono-enterprise/messaging-plugin@~0.1.0-alpha.4",
          "jsr:@hono-enterprise/metrics-plugin@~0.1.0-alpha.4",
          "jsr:@hono-enterprise/microservice-starter@~0.1.0-alpha.4",
          "jsr:@hono-enterprise/multi-tenancy-plugin@~0.1.0-alpha.4",
          "jsr:@hono-enterprise/notification-plugin@~0.1.0-alpha.4",
          "jsr:@hono-enterprise/openapi-plugin@~0.1.0-alpha.4",
          "jsr:@hono-enterprise/queue-plugin@~0.1.0-alpha.4",
          "jsr:@hono-enterprise/react-router-plugin@~0.1.0-alpha.4",
          "jsr:@hono-enterprise/resilience-plugin@~0.1.0-alpha.4",
          "jsr:@hono-enterprise/runtime@~0.1.0-alpha.4",
          "jsr:@hono-enterprise/scheduler-plugin@~0.1.0-alpha.4",
          "jsr:@hono-enterprise/secrets-plugin@~0.1.0-alpha.4",
          "jsr:@hono-enterprise/session-plugin@~0.1.0-alpha.4",
          "jsr:@hono-enterprise/storage-plugin@~0.1.0-alpha.4",
          "jsr:@hono-enterprise/telemetry-plugin@~0.1.0-alpha.4",
          "jsr:@hono-enterprise/validation-plugin@~0.1.0-alpha.4"
        ]
      },
      "jsr:@hono-enterprise/graphql-plugin@0.1.0-alpha.4": {},
      "jsr:@hono-enterprise/grpc-plugin@0.1.0-alpha.4": {},
      "jsr:@hono-enterprise/health-plugin@0.1.0-alpha.4": {},
      "jsr:@hono-enterprise/http-security-plugin@0.1.0-alpha.4": {},
      "jsr:@hono-enterprise/kernel@0.1.0-alpha.4": {
        "dependencies": [
          "jsr:@hono-enterprise/common@~0.1.0-alpha.4",
          "jsr:@hono/hono@^4.12.30"
        ]
      },
      "jsr:@hono-enterprise/logger-plugin@0.1.0-alpha.4": {
        "dependencies": [
          "jsr:@hono-enterprise/common@~0.1.0-alpha.4"
        ]
      },
      "jsr:@hono-enterprise/mail-plugin@0.1.0-alpha.4": {},
      "jsr:@hono-enterprise/messaging-plugin@0.1.0-alpha.4": {},
      "jsr:@hono-enterprise/metrics-plugin@0.1.0-alpha.4": {
        "dependencies": [
          "jsr:@hono-enterprise/common@~0.1.0-alpha.4"
        ]
      },
      "jsr:@hono-enterprise/microservice-starter@0.1.0-alpha.4": {
        "dependencies": [
          "jsr:@hono-enterprise/auth-plugin@~0.1.0-alpha.4",
          "jsr:@hono-enterprise/common@~0.1.0-alpha.4",
          "jsr:@hono-enterprise/config-plugin@~0.1.0-alpha.4",
          "jsr:@hono-enterprise/database-plugin@~0.1.0-alpha.4",
          "jsr:@hono-enterprise/decorator-plugin@~0.1.0-alpha.4",
          "jsr:@hono-enterprise/exceptions@~0.1.0-alpha.4",
          "jsr:@hono-enterprise/graphql-plugin@~0.1.0-alpha.4",
          "jsr:@hono-enterprise/health-plugin@~0.1.0-alpha.4",
          "jsr:@hono-enterprise/http-security-plugin@~0.1.0-alpha.4",
          "jsr:@hono-enterprise/kernel@~0.1.0-alpha.4",
          "jsr:@hono-enterprise/logger-plugin@~0.1.0-alpha.4",
          "jsr:@hono-enterprise/messaging-plugin@~0.1.0-alpha.4",
          "jsr:@hono-enterprise/metrics-plugin@~0.1.0-alpha.4",
          "jsr:@hono-enterprise/openapi-plugin@~0.1.0-alpha.4",
          "jsr:@hono-enterprise/queue-plugin@~0.1.0-alpha.4",
          "jsr:@hono-enterprise/resilience-plugin@~0.1.0-alpha.4",
          "jsr:@hono-enterprise/rest-starter@~0.1.0-alpha.4",
          "jsr:@hono-enterprise/runtime@~0.1.0-alpha.4",
          "jsr:@hono-enterprise/session-plugin@~0.1.0-alpha.4",
          "jsr:@hono-enterprise/telemetry-plugin@~0.1.0-alpha.4",
          "jsr:@hono-enterprise/validation-plugin@~0.1.0-alpha.4"
        ]
      },
      "jsr:@hono-enterprise/multi-tenancy-plugin@0.1.0-alpha.4": {},
      "jsr:@hono-enterprise/notification-plugin@0.1.0-alpha.4": {},
      "jsr:@hono-enterprise/openapi-plugin@0.1.0-alpha.4": {
        "dependencies": [
          "jsr:@hono-enterprise/common@~0.1.0-alpha.4",
          "jsr:@hono-enterprise/kernel@~0.1.0-alpha.4",
          "npm:zod@^3.24.0"
        ]
      },
      "jsr:@hono-enterprise/queue-plugin@0.1.0-alpha.4": {},
      "jsr:@hono-enterprise/react-router-plugin@0.1.0-alpha.4": {},
      "jsr:@hono-enterprise/realtime-backplane-plugin@0.1.0-alpha.4": {},
      "jsr:@hono-enterprise/resilience-plugin@0.1.0-alpha.4": {},
      "jsr:@hono-enterprise/rest-starter@0.1.0-alpha.4": {
        "dependencies": [
          "jsr:@hono-enterprise/auth-plugin@~0.1.0-alpha.4",
          "jsr:@hono-enterprise/common@~0.1.0-alpha.4",
          "jsr:@hono-enterprise/config-plugin@~0.1.0-alpha.4",
          "jsr:@hono-enterprise/database-plugin@~0.1.0-alpha.4",
          "jsr:@hono-enterprise/decorator-plugin@~0.1.0-alpha.4",
          "jsr:@hono-enterprise/di-plugin@~0.1.0-alpha.4",
          "jsr:@hono-enterprise/exceptions@~0.1.0-alpha.4",
          "jsr:@hono-enterprise/graphql-plugin@~0.1.0-alpha.4",
          "jsr:@hono-enterprise/health-plugin@~0.1.0-alpha.4",
          "jsr:@hono-enterprise/http-security-plugin@~0.1.0-alpha.4",
          "jsr:@hono-enterprise/kernel@~0.1.0-alpha.4",
          "jsr:@hono-enterprise/logger-plugin@~0.1.0-alpha.4",
          "jsr:@hono-enterprise/metrics-plugin@~0.1.0-alpha.4",
          "jsr:@hono-enterprise/openapi-plugin@~0.1.0-alpha.4",
          "jsr:@hono-enterprise/realtime-backplane-plugin@~0.1.0-alpha.4",
          "jsr:@hono-enterprise/runtime@~0.1.0-alpha.4",
          "jsr:@hono-enterprise/session-plugin@~0.1.0-alpha.4",
          "jsr:@hono-enterprise/sse-plugin@~0.1.0-alpha.4",
          "jsr:@hono-enterprise/validation-plugin@~0.1.0-alpha.4",
          "jsr:@hono-enterprise/websocket-plugin@~0.1.0-alpha.4"
        ]
      },
      "jsr:@hono-enterprise/runtime@0.1.0-alpha.4": {
        "dependencies": [
          "jsr:@hono-enterprise/common@~0.1.0-alpha.4",
          "jsr:@hono-enterprise/kernel@~0.1.0-alpha.4"
        ]
      },
      "jsr:@hono-enterprise/scheduler-plugin@0.1.0-alpha.4": {},
      "jsr:@hono-enterprise/sdk@0.1.0-alpha.4": {
        "dependencies": [
          "jsr:@hono-enterprise/common@0.1.0-alpha.4"
        ]
      },
      "jsr:@hono-enterprise/secrets-plugin@0.1.0-alpha.4": {},
      "jsr:@hono-enterprise/service-discovery-plugin@0.1.0-alpha.4": {},
      "jsr:@hono-enterprise/session-plugin@0.1.0-alpha.4": {},
      "jsr:@hono-enterprise/sse-plugin@0.1.0-alpha.4": {},
      "jsr:@hono-enterprise/storage-plugin@0.1.0-alpha.4": {},
      "jsr:@hono-enterprise/telemetry-plugin@0.1.0-alpha.4": {
        "dependencies": [
          "jsr:@hono-enterprise/common@~0.1.0-alpha.4"
        ]
      },
      "jsr:@hono-enterprise/testing@0.1.0-alpha.4": {
        "dependencies": [
          "jsr:@hono-enterprise/common@~0.1.0-alpha.4",
          "jsr:@hono-enterprise/kernel@~0.1.0-alpha.4"
        ]
      },
      "jsr:@hono-enterprise/validation-plugin@0.1.0-alpha.4": {},
      "jsr:@hono-enterprise/websocket-plugin@0.1.0-alpha.4": {},
      "jsr:@hono-enterprise/worker-pool-plugin@0.1.0-alpha.4": {}
    }
  }
}
